# This file is automatically @generated by Cargo.
# It is not intended for manual editing.
version = 4

[[package]]
name = "phe-core"
version = "0.1.0"

[[package]]
name = "phe-eight-low"
version = "0.1.0"
dependencies = [
 "phe-eight-low-assets",
]

[[package]]
name = "phe-eight-low-assets"
version = "0.1.0"

[[package]]
name = "phe-holdem"
version = "0.1.0"
dependencies = [
 "phe-core",
 "phe-holdem-assets",
]

[[package]]
name = "phe-holdem-assets"
version = "0.1.0"

[[package]]
name = "poker-hand-evaluator"
version = "0.1.0"
